
Microsoft Visual Studio Solution File, Format Version 12.00
# Visual Studio Version 16
VisualStudioVersion = 16.0.30330.147
MinimumVisualStudioVersion = 10.0.40219.1
Project("{888888A0-9F3D-457C-B088-3A5042F75D52}") = "AutoTrainBooking", "AutoTrainBooking\AutoTrainBooking.pyproj", "{A526C955-A182-45F5-B61D-ECA96EE9023C}"
EndProject
Global
	GlobalSection(SolutionConfigurationPlatforms) = preSolution
		Debug|Any CPU = Debug|Any CPU
		Release|Any CPU = Release|Any CPU
	EndGlobalSection
	GlobalSection(ProjectConfigurationPlatforms) = postSolution
		{A526C955-A182-45F5-B61D-ECA96EE9023C}.Debug|Any CPU.ActiveCfg = Debug|Any CPU
		{A526C955-A182-45F5-B61D-ECA96EE9023C}.Release|Any CPU.ActiveCfg = Release|Any CPU
	EndGlobalSection
	GlobalSection(SolutionProperties) = preSolution
		HideSolutionNode = FALSE
	EndGlobalSection
	GlobalSection(ExtensibilityGlobals) = postSolution
		SolutionGuid = {857C1411-8C6E-4493-A610-D916FF294E78}
	EndGlobalSection
EndGlobal
